
Microsoft Visual Studio Solution File, Format Version 12.00
# Visual Studio Version 17
VisualStudioVersion = 17.11.35312.102
MinimumVisualStudioVersion = 10.0.40219.1
Project("{FAE04EC0-301F-11D3-BF4B-00C04F79EFBC}") = "Managing_Movie_Collection", "Managing_Movie_Collection\Managing_Movie_Collection.csproj", "{E4F2FF46-4E33-4083-8704-8B5A8F3F9379}"
EndProject
Global
	GlobalSection(SolutionConfigurationPlatforms) = preSolution
		Debug|Any CPU = Debug|Any CPU
		Release|Any CPU = Release|Any CPU
	EndGlobalSection
	GlobalSection(ProjectConfigurationPlatforms) = postSolution
		{E4F2FF46-4E33-4083-8704-8B5A8F3F9379}.Debug|Any CPU.ActiveCfg = Debug|Any CPU
		{E4F2FF46-4E33-4083-8704-8B5A8F3F9379}.Debug|Any CPU.Build.0 = Debug|Any CPU
		{E4F2FF46-4E33-4083-8704-8B5A8F3F9379}.Release|Any CPU.ActiveCfg = Release|Any CPU
		{E4F2FF46-4E33-4083-8704-8B5A8F3F9379}.Release|Any CPU.Build.0 = Release|Any CPU
	EndGlobalSection
	GlobalSection(SolutionProperties) = preSolution
		HideSolutionNode = FALSE
	EndGlobalSection
	GlobalSection(ExtensibilityGlobals) = postSolution
		SolutionGuid = {CFE220CC-6BE4-478F-98D4-14BF3E9B87BD}
	EndGlobalSection
EndGlobal
